{
    "_readme": [
        "This file locks the dependencies of your project to a known state",
        "Read more about it at https://getcomposer.org/doc/01-basic-usage.md#installing-dependencies",
        "This file is @generated automatically"
    ],
    "content-hash": "79a769b0b54fa834e099ff5480331fbd",
    "packages": [
        {
            "name": "hackzilla/password-generator",
            "version": "dev-master",
            "source": {
                "type": "git",
                "url": "https://github.com/hackzilla/password-generator.git",
                "reference": "5b0a54b7e299c3dcecf619ed7b04fb0afb87e096"
            },
            "dist": {
                "type": "zip",
                "url": "https://api.github.com/repos/hackzilla/password-generator/zipball/5b0a54b7e299c3dcecf619ed7b04fb0afb87e096",
                "reference": "5b0a54b7e299c3dcecf619ed7b04fb0afb87e096",
                "shasum": ""
            },
            "require": {
                "php": ">=7.1.0"
            },
            "require-dev": {
                "phpunit/phpunit": "^9.0"
            },
            "default-branch": true,
            "type": "library",
            "autoload": {
                "psr-4": {
                    "Hackzilla\\PasswordGenerator\\": ""
                }
            },
            "notification-url": "https://packagist.org/downloads/",
            "license": [
                "MIT"
            ],
            "authors": [
                {
                    "name": "Daniel Platt",
                    "email": "github@ofdan.co.uk",
                    "homepage": "https://www.hackzilla.org"
                }
            ],
            "description": "Password Generator Library",
            "support": {
                "issues": "https://github.com/hackzilla/password-generator/issues",
                "source": "https://github.com/hackzilla/password-generator/tree/master"
            },
            "time": "2022-10-22T16:56:18+00:00"
        }
    ],
    "packages-dev": [],
    "aliases": [],
    "minimum-stability": "dev",
    "stability-flags": [],
    "prefer-stable": false,
    "prefer-lowest": false,
    "platform": [],
    "platform-dev": [],
    "plugin-api-version": "2.3.0"
}
